{
  "name": "hrm.test",
  "version": "0.0.1",
  "lockfileVersion": 1,
  "requires": true,
  "dependencies": {
    "buefy": {
      "version": "0.5.4",
      "resolved": "https://registry.npmjs.org/buefy/-/buefy-0.5.4.tgz",
      "integrity": "sha512-E1gCh98+qrltr1tTULUpyPFcqK4I9QEIpCh7gEJFagAO0AhEDaqpKkbpKp25CBx81LfYfpKrq/NIWH4tSCsBjw==",
      "requires": {
        "bulma": "0.5.3",
        "vue": "2.5.2"
      },
      "dependencies": {
        "bulma": {
          "version": "0.5.3",
          "resolved": "https://registry.npmjs.org/bulma/-/bulma-0.5.3.tgz",
          "integrity": "sha1-vpOvtiRhklBcMN8/nBwpqX0xmhM="
        },
        "vue": {
          "version": "2.5.2",
          "resolved": "https://registry.npmjs.org/vue/-/vue-2.5.2.tgz",
          "integrity": "sha512-Au9rf8fPkBulFHfZ406UaQDd1jH9fqGRIM+0IHilrXnJ/0TeeMH4SBkNxWf2dGevl2S3aVeu0E/WklEv0/msag=="
        }
      }
    }
  }
}
